{
  "originHash" : "5c06801ff152d5488250352867e5026d2df8d260b066cbc639d3028d3fdc71a1",
  "pins" : [
    {
      "identity" : "appmetrica-sdk-ios",
      "kind" : "remoteSourceControl",
      "location" : "https://github.com/appmetrica/appmetrica-sdk-ios",
      "state" : {
        "revision" : "4d34ce36bc1fb1fb3a251255aedde3b1dc52e188",
        "version" : "5.12.1"
      }
    },
    {
      "identity" : "grdb.swift",
      "kind" : "remoteSourceControl",
      "location" : "https://github.com/groue/GRDB.swift.git",
      "state" : {
        "revision" : "36e30a6f1ef10e4194f6af0cff90888526f0c115",
        "version" : "7.10.0"
      }
    },
    {
      "identity" : "kscrash",
      "kind" : "remoteSourceControl",
      "location" : "https://github.com/kstenerud/KSCrash",
      "state" : {
        "revision" : "c0177658fc771ae833b6d3b8f5f3f5a14d59ec03",
        "version" : "2.1.2"
      }
    },
    {
      "identity" : "phonenumberkit",
      "kind" : "remoteSourceControl",
      "location" : "https://github.com/PhoneNumberKit/PhoneNumberKit",
      "state" : {
        "revision" : "e18a029dbada1d8eb32e3f81a4eb72eba539ff75",
        "version" : "5.0.6"
      }
    },
    {
      "identity" : "phonenumberkitui",
      "kind" : "remoteSourceControl",
      "location" : "https://github.com/PhoneNumberKit/PhoneNumberKitUI",
      "state" : {
        "revision" : "2e328c979cce62871be946f25c4d537c76526689",
        "version" : "1.1.0"
      }
    }
  ],
  "version" : 3
}
